// !$*UTF8*$!
{
	archiveVersion = 1;
	classes = {
	};
	objectVersion = 60;
	objects = {

/* Begin PBXContainerItemProxy section */
		686E68882C5D9D5A00AF04A3 /* PBXContainerItemProxy */ = {
			isa = PBXContainerItemProxy;
			containerPortal = 686E686D2C5D9D5900AF04A3 /* Project object */;
			proxyType = 1;
			remoteGlobalIDString = 686E68742C5D9D5900AF04A3;
			remoteInfo = WaveWork;
		};
		686E68922C5D9D5B00AF04A3 /* PBXContainerItemProxy */ = {
			isa = PBXContainerItemProxy;
			containerPortal = 686E686D2C5D9D5900AF04A3 /* Project object */;
			proxyType = 1;
			remoteGlobalIDString = 686E68742C5D9D5900AF04A3;
			remoteInfo = WaveWork;
		};
/* End PBXContainerItemProxy section */

/* Begin PBXFileReference section */
		686E68752C5D9D5900AF04A3 /* WaveWork.app */ = {isa = PBXFileReference; explicitFileType = wrapper.application; includeInIndex = 0; path = WaveWork.app; sourceTree = BUILT_PRODUCTS_DIR; };
		686E68872C5D9D5A00AF04A3 /* WaveWorkTests.xctest */ = {isa = PBXFileReference; explicitFileType = wrapper.cfbundle; includeInIndex = 0; path = WaveWorkTests.xctest; sourceTree = BUILT_PRODUCTS_DIR; };
		686E68912C5D9D5B00AF04A3 /* WaveWorkUITests.xctest */ = {isa = PBXFileReference; explicitFileType = wrapper.cfbundle; includeInIndex = 0; path = WaveWorkUITests.xctest; sourceTree = BUILT_PRODUCTS_DIR; };
/* End PBXFileReference section */

/* Begin PBXFileSystemSynchronizedRootGroup section */
		686E68772C5D9D5900AF04A3 /* WaveWork */ = {isa = PBXFileSystemSynchronizedRootGroup; explicitFileTypes = {}; explicitFolders = (); path = WaveWork; sourceTree = "<group>"; };
		686E688A2C5D9D5A00AF04A3 /* WaveWorkTests */ = {isa = PBXFileSystemSynchronizedRootGroup; explicitFileTypes = {}; explicitFolders = (); path = WaveWorkTests; sourceTree = "<group>"; };
		686E68942C5D9D5B00AF04A3 /* WaveWorkUITests */ = {isa = PBXFileSystemSynchronizedRootGroup; explicitFileTypes = {}; explicitFolders = (); path = WaveWorkUITests; sourceTree = "<group>"; };
/* End PBXFileSystemSynchronizedRootGroup section */

/* Begin PBXFrameworksBuildPhase section */
		686E68722C5D9D5900AF04A3 /* Frameworks */ = {
			isa = PBXFrameworksBuildPhase;
			buildActionMask = 2147483647;
			files = (
			);
			runOnlyForDeploymentPostprocessing = 0;
		};
		686E68842C5D9D5A00AF04A3 /* Frameworks */ = {
			isa = PBXFrameworksBuildPhase;
			buildActionMask = 2147483647;
			files = (
			);
			runOnlyForDeploymentPostprocessing = 0;
		};
		686E688E2C5D9D5B00AF04A3 /* Frameworks */ = {
			isa = PBXFrameworksBuildPhase;
			buildActionMask = 2147483647;
			files = (
			);
			runOnlyForDeploymentPostprocessing = 0;
		};
/* End PBXFrameworksBuildPhase section */

/* Begin PBXGroup section */
		686E686C2C5D9D5900AF04A3 = {
			isa = PBXGroup;
			children = (
				686E68772C5D9D5900AF04A3 /* WaveWork */,
				686E688A2C5D9D5A00AF04A3 /* WaveWorkTests */,
				686E68942C5D9D5B00AF04A3 /* WaveWorkUITests */,
				686E68762C5D9D5900AF04A3 /* Products */,
			);
			sourceTree = "<group>";
		};
		686E68762C5D9D5900AF04A3 /* Products */ = {
			isa = PBXGroup;
			children = (
				686E68752C5D9D5900AF04A3 /* WaveWork.app */,
				686E68872C5D9D5A00AF04A3 /* WaveWorkTests.xctest */,
				686E68912C5D9D5B00AF04A3 /* WaveWorkUITests.xctest */,
			);
			name = Products;
			sourceTree = "<group>";
		};
/* End PBXGroup section */

/* Begin PBXNativeTarget section */
		686E68742C5D9D5900AF04A3 /* WaveWork */ = {
			isa = PBXNativeTarget;
			buildConfigurationList = 686E689B2C5D9D5B00AF04A3 /* Build configuration list for PBXNativeTarget "WaveWork" */;
			buildPhases = (
				686E68712C5D9D5900AF04A3 /* Sources */,
				686E68722C5D9D5900AF04A3 /* Frameworks */,
				686E68732C5D9D5900AF04A3 /* Resources */,
			);
			buildRules = (
			);
			dependencies = (
			);
			fileSystemSynchronizedGroups = (
				686E68772C5D9D5900AF04A3 /* WaveWork */,
			);
			name = WaveWork;
			packageProductDependencies = (
			);
			productName = WaveWork;
			productReference = 686E68752C5D9D5900AF04A3 /* WaveWork.app */;
			productType = "com.apple.product-type.application";
		};
		686E68862C5D9D5A00AF04A3 /* WaveWorkTests */ = {
			isa = PBXNativeTarget;
			buildConfigurationList = 686E689E2C5D9D5B00AF04A3 /* Build configuration list for PBXNativeTarget "WaveWorkTests" */;
			buildPhases = (
				686E68832C5D9D5A00AF04A3 /* Sources */,
				686E68842C5D9D5A00AF04A3 /* Frameworks */,
				686E68852C5D9D5A00AF04A3 /* Resources */,
			);
			buildRules = (
			);
			dependencies = (
				686E68892C5D9D5A00AF04A3 /* PBXTargetDependency */,
			);
			fileSystemSynchronizedGroups = (
				686E688A2C5D9D5A00AF04A3 /* WaveWorkTests */,
			);
			name = WaveWorkTests;
			packageProductDependencies = (
			);
			productName = WaveWorkTests;
			productReference = 686E68872C5D9D5A00AF04A3 /* WaveWorkTests.xctest */;
			productType = "com.apple.product-type.bundle.unit-test";
		};
		686E68902C5D9D5B00AF04A3 /* WaveWorkUITests */ = {
			isa = PBXNativeTarget;
			buildConfigurationList = 686E68A12C5D9D5B00AF04A3 /* Build configuration list for PBXNativeTarget "WaveWorkUITests" */;
			buildPhases = (
				686E688D2C5D9D5B00AF04A3 /* Sources */,
				686E688E2C5D9D5B00AF04A3 /* Frameworks */,
				686E688F2C5D9D5B00AF04A3 /* Resources */,
			);
			buildRules = (
			);
			dependencies = (
				686E68932C5D9D5B00AF04A3 /* PBXTargetDependency */,
			);
			fileSystemSynchronizedGroups = (
				686E68942C5D9D5B00AF04A3 /* WaveWorkUITests */,
			);
			name = WaveWorkUITests;
			packageProductDependencies = (
			);
			productName = WaveWorkUITests;
			productReference = 686E68912C5D9D5B00AF04A3 /* WaveWorkUITests.xctest */;
			productType = "com.apple.product-type.bundle.ui-testing";
		};
/* End PBXNativeTarget section */

/* Begin PBXProject section */
		686E686D2C5D9D5900AF04A3 /* Project object */ = {
			isa = PBXProject;
			attributes = {
				BuildIndependentTargetsInParallel = 1;
				LastSwiftUpdateCheck = 1600;
				LastUpgradeCheck = 1600;
				TargetAttributes = {
					686E68742C5D9D5900AF04A3 = {
						CreatedOnToolsVersion = 16.0;
					};
					686E68862C5D9D5A00AF04A3 = {
						CreatedOnToolsVersion = 16.0;
						TestTargetID = 686E68742C5D9D5900AF04A3;
					};
					686E68902C5D9D5B00AF04A3 = {
						CreatedOnToolsVersion = 16.0;
						TestTargetID = 686E68742C5D9D5900AF04A3;
					};
				};
			};
			buildConfigurationList = 686E68702C5D9D5900AF04A3 /* Build configuration list for PBXProject "WaveWork" */;
			compatibilityVersion = "Xcode 15.0";
			developmentRegion = en;
			hasScannedForEncodings = 0;
			knownRegions = (
				en,
				Base,
			);
			mainGroup = 686E686C2C5D9D5900AF04A3;
			productRefGroup = 686E68762C5D9D5900AF04A3 /* Products */;
			projectDirPath = "";
			projectRoot = "";
			targets = (
				686E68742C5D9D5900AF04A3 /* WaveWork */,
				686E68862C5D9D5A00AF04A3 /* WaveWorkTests */,
				686E68902C5D9D5B00AF04A3 /* WaveWorkUITests */,
			);
		};
/* End PBXProject section */

/* Begin PBXResourcesBuildPhase section */
		686E68732C5D9D5900AF04A3 /* Resources */ = {
			isa = PBXResourcesBuildPhase;
			buildActionMask = 2147483647;
			files = (
			);
			runOnlyForDeploymentPostprocessing = 0;
		};
		686E68852C5D9D5A00AF04A3 /* Resources */ = {
			isa = PBXResourcesBuildPhase;
			buildActionMask = 2147483647;
			files = (
			);
			runOnlyForDeploymentPostprocessing = 0;
		};
		686E688F2C5D9D5B00AF04A3 /* Resources */ = {
			isa = PBXResourcesBuildPhase;
			buildActionMask = 2147483647;
			files = (
			);
			runOnlyForDeploymentPostprocessing = 0;
		};
/* End PBXResourcesBuildPhase section */

/* Begin PBXSourcesBuildPhase section */
		686E68712C5D9D5900AF04A3 /* Sources */ = {
			isa = PBXSourcesBuildPhase;
			buildActionMask = 2147483647;
			files = (
			);
			runOnlyForDeploymentPostprocessing = 0;
		};
		686E68832C5D9D5A00AF04A3 /* Sources */ = {
			isa = PBXSourcesBuildPhase;
			buildActionMask = 2147483647;
			files = (
			);
			runOnlyForDeploymentPostprocessing = 0;
		};
		686E688D2C5D9D5B00AF04A3 /* Sources */ = {
			isa = PBXSourcesBuildPhase;
			buildActionMask = 2147483647;
			files = (
			);
			runOnlyForDeploymentPostprocessing = 0;
		};
/* End PBXSourcesBuildPhase section */

/* Begin PBXTargetDependency section */
		686E68892C5D9D5A00AF04A3 /* PBXTargetDependency */ = {
			isa = PBXTargetDependency;
			target = 686E68742C5D9D5900AF04A3 /* WaveWork */;
			targetProxy = 686E68882C5D9D5A00AF04A3 /* PBXContainerItemProxy */;
		};
		686E68932C5D9D5B00AF04A3 /* PBXTargetDependency */ = {
			isa = PBXTargetDependency;
			target = 686E68742C5D9D5900AF04A3 /* WaveWork */;
			targetProxy = 686E68922C5D9D5B00AF04A3 /* PBXContainerItemProxy */;
		};
/* End PBXTargetDependency section */

/* Begin XCBuildConfiguration section */
		686E68992C5D9D5B00AF04A3 /* Debug */ = {
			isa = XCBuildConfiguration;
			buildSettings = {
				ALWAYS_SEARCH_USER_PATHS = NO;
				ASSETCATALOG_COMPILER_GENERATE_SWIFT_ASSET_SYMBOL_EXTENSIONS = YES;
				CLANG_ANALYZER_NONNULL = YES;
				CLANG_ANALYZER_NUMBER_OBJECT_CONVERSION = YES_AGGRESSIVE;
				CLANG_CXX_LANGUAGE_STANDARD = "gnu++20";
				CLANG_ENABLE_MODULES = YES;
				CLANG_ENABLE_OBJC_ARC = YES;
				CLANG_ENABLE_OBJC_WEAK = YES;
				CLANG_WARN_BLOCK_CAPTURE_AUTORELEASING = YES;
				CLANG_WARN_BOOL_CONVERSION = YES;
				CLANG_WARN_COMMA = YES;
				CLANG_WARN_CONSTANT_CONVERSION = YES;
				CLANG_WARN_DEPRECATED_OBJC_IMPLEMENTATIONS = YES;
				CLANG_WARN_DIRECT_OBJC_ISA_USAGE = YES_ERROR;
				CLANG_WARN_DOCUMENTATION_COMMENTS = YES;
				CLANG_WARN_EMPTY_BODY = YES;
				CLANG_WARN_ENUM_CONVERSION = YES;
				CLANG_WARN_INFINITE_RECURSION = YES;
				CLANG_WARN_INT_CONVERSION = YES;
				CLANG_WARN_NON_LITERAL_NULL_CONVERSION = YES;
				CLANG_WARN_OBJC_IMPLICIT_RETAIN_SELF = YES;
				CLANG_WARN_OBJC_LITERAL_CONVERSION = YES;
				CLANG_WARN_OBJC_ROOT_CLASS = YES_ERROR;
				CLANG_WARN_QUOTED_INCLUDE_IN_FRAMEWORK_HEADER = YES;
				CLANG_WARN_RANGE_LOOP_ANALYSIS = YES;
				CLANG_WARN_STRICT_PROTOTYPES = YES;
				CLANG_WARN_SUSPICIOUS_MOVE = YES;
				CLANG_WARN_UNGUARDED_AVAILABILITY = YES_AGGRESSIVE;
				CLANG_WARN_UNREACHABLE_CODE = YES;
				CLANG_WARN__DUPLICATE_METHOD_MATCH = YES;
				COPY_PHASE_STRIP = NO;
				DEBUG_INFORMATION_FORMAT = dwarf;
				ENABLE_STRICT_OBJC_MSGSEND = YES;
				ENABLE_TESTABILITY = YES;
				ENABLE_USER_SCRIPT_SANDBOXING = YES;
				GCC_C_LANGUAGE_STANDARD = gnu17;
				GCC_DYNAMIC_NO_PIC = NO;
				GCC_NO_COMMON_BLOCKS = YES;
				GCC_OPTIMIZATION_LEVEL = 0;
				GCC_PREPROCESSOR_DEFINITIONS = (
					"DEBUG=1",
					"$(inherited)",
				);
				GCC_WARN_64_TO_32_BIT_CONVERSION = YES;
				GCC_WARN_ABOUT_RETURN_TYPE = YES_ERROR;
				GCC_WARN_UNDECLARED_SELECTOR = YES;
				GCC_WARN_UNINITIALIZED_AUTOS = YES_AGGRESSIVE;
				GCC_WARN_UNUSED_FUNCTION = YES;
				GCC_WARN_UNUSED_VARIABLE = YES;
				IPHONEOS_DEPLOYMENT_TARGET = 18.0;
				LOCALIZATION_PREFERS_STRING_CATALOGS = YES;
				MTL_ENABLE_DEBUG_INFO = INCLUDE_SOURCE;
				MTL_FAST_MATH = YES;
				ONLY_ACTIVE_ARCH = YES;
				SDKROOT = iphoneos;
				SWIFT_ACTIVE_COMPILATION_CONDITIONS = "DEBUG $(inherited)";
				SWIFT_OPTIMIZATION_LEVEL = "-Onone";
			};
			name = Debug;
		};
		686E689A2C5D9D5B00AF04A3 /* Release */ = {
			isa = XCBuildConfiguration;
			buildSettings = {
				ALWAYS_SEARCH_USER_PATHS = NO;
				ASSETCATALOG_COMPILER_GENERATE_SWIFT_ASSET_SYMBOL_EXTENSIONS = YES;
				CLANG_ANALYZER_NONNULL = YES;
				CLANG_ANALYZER_NUMBER_OBJECT_CONVERSION = YES_AGGRESSIVE;
				CLANG_CXX_LANGUAGE_STANDARD = "gnu++20";
				CLANG_ENABLE_MODULES = YES;
				CLANG_ENABLE_OBJC_ARC = YES;
				CLANG_ENABLE_OBJC_WEAK = YES;
				CLANG_WARN_BLOCK_CAPTURE_AUTORELEASING = YES;
				CLANG_WARN_BOOL_CONVERSION = YES;
				CLANG_WARN_COMMA = YES;
				CLANG_WARN_CONSTANT_CONVERSION = YES;
				CLANG_WARN_DEPRECATED_OBJC_IMPLEMENTATIONS = YES;
				CLANG_WARN_DIRECT_OBJC_ISA_USAGE = YES_ERROR;
				CLANG_WARN_DOCUMENTATION_COMMENTS = YES;
				CLANG_WARN_EMPTY_BODY = YES;
				CLANG_WARN_ENUM_CONVERSION = YES;
				CLANG_WARN_INFINITE_RECURSION = YES;
				CLANG_WARN_INT_CONVERSION = YES;
				CLANG_WARN_NON_LITERAL_NULL_CONVERSION = YES;
				CLANG_WARN_OBJC_IMPLICIT_RETAIN_SELF = YES;
				CLANG_WARN_OBJC_LITERAL_CONVERSION = YES;
				CLANG_WARN_OBJC_ROOT_CLASS = YES_ERROR;
				CLANG_WARN_QUOTED_INCLUDE_IN_FRAMEWORK_HEADER = YES;
				CLANG_WARN_RANGE_LOOP_ANALYSIS = YES;
				CLANG_WARN_STRICT_PROTOTYPES = YES;
				CLANG_WARN_SUSPICIOUS_MOVE = YES;
				CLANG_WARN_UNGUARDED_AVAILABILITY = YES_AGGRESSIVE;
				CLANG_WARN_UNREACHABLE_CODE = YES;
				CLANG_WARN__DUPLICATE_METHOD_MATCH = YES;
				COPY_PHASE_STRIP = NO;
				DEBUG_INFORMATION_FORMAT = "dwarf-with-dsym";
				ENABLE_NS_ASSERTIONS = NO;
				ENABLE_STRICT_OBJC_MSGSEND = YES;
				ENABLE_USER_SCRIPT_SANDBOXING = YES;
				GCC_C_LANGUAGE_STANDARD = gnu17;
				GCC_NO_COMMON_BLOCKS = YES;
				GCC_WARN_64_TO_32_BIT_CONVERSION = YES;
				GCC_WARN_ABOUT_RETURN_TYPE = YES_ERROR;
				GCC_WARN_UNDECLARED_SELECTOR = YES;
				GCC_WARN_UNINITIALIZED_AUTOS = YES_AGGRESSIVE;
				GCC_WARN_UNUSED_FUNCTION = YES;
				GCC_WARN_UNUSED_VARIABLE = YES;
				IPHONEOS_DEPLOYMENT_TARGET = 18.0;
				LOCALIZATION_PREFERS_STRING_CATALOGS = YES;
				MTL_ENABLE_DEBUG_INFO = NO;
				MTL_FAST_MATH = YES;
				SDKROOT = iphoneos;
				SWIFT_COMPILATION_MODE = wholemodule;
				VALIDATE_PRODUCT = YES;
			};
			name = Release;
		};
		686E689C2C5D9D5B00AF04A3 /* Debug */ = {
			isa = XCBuildConfiguration;
			buildSettings = {
				ASSETCATALOG_COMPILER_APPICON_NAME = AppIcon;
				ASSETCATALOG_COMPILER_GLOBAL_ACCENT_COLOR_NAME = AccentColor;
				CODE_SIGN_STYLE = Automatic;
				CURRENT_PROJECT_VERSION = 1;
				DEVELOPMENT_ASSET_PATHS = "\"WaveWork/Preview Content\"";
				DEVELOPMENT_TEAM = 696FHURJPB;
				ENABLE_PREVIEWS = YES;
				GENERATE_INFOPLIST_FILE = YES;
				INFOPLIST_KEY_UIApplicationSceneManifest_Generation = YES;
				INFOPLIST_KEY_UIApplicationSupportsIndirectInputEvents = YES;
				INFOPLIST_KEY_UILaunchScreen_Generation = YES;
				INFOPLIST_KEY_UISupportedInterfaceOrientations_iPad = "UIInterfaceOrientationPortrait UIInterfaceOrientationPortraitUpsideDown UIInterfaceOrientationLandscapeLeft UIInterfaceOrientationLandscapeRight";
				INFOPLIST_KEY_UISupportedInterfaceOrientations_iPhone = "UIInterfaceOrientationPortrait UIInterfaceOrientationLandscapeLeft UIInterfaceOrientationLandscapeRight";
				LD_RUNPATH_SEARCH_PATHS = (
					"$(inherited)",
					"@executable_path/Frameworks",
				);
				MARKETING_VERSION = 1.0;
				PRODUCT_BUNDLE_IDENTIFIER = zach.WaveWork;
				PRODUCT_NAME = "$(TARGET_NAME)";
				SWIFT_EMIT_LOC_STRINGS = YES;
				SWIFT_VERSION = 5.0;
				TARGETED_DEVICE_FAMILY = "1,2";
			};
			name = Debug;
		};
		686E689D2C5D9D5B00AF04A3 /* Release */ = {
			isa = XCBuildConfiguration;
			buildSettings = {
				ASSETCATALOG_COMPILER_APPICON_NAME = AppIcon;
				ASSETCATALOG_COMPILER_GLOBAL_ACCENT_COLOR_NAME = AccentColor;
				CODE_SIGN_STYLE = Automatic;
				CURRENT_PROJECT_VERSION = 1;
				DEVELOPMENT_ASSET_PATHS = "\"WaveWork/Preview Content\"";
				DEVELOPMENT_TEAM = 696FHURJPB;
				ENABLE_PREVIEWS = YES;
				GENERATE_INFOPLIST_FILE = YES;
				INFOPLIST_KEY_UIApplicationSceneManifest_Generation = YES;
				INFOPLIST_KEY_UIApplicationSupportsIndirectInputEvents = YES;
				INFOPLIST_KEY_UILaunchScreen_Generation = YES;
				INFOPLIST_KEY_UISupportedInterfaceOrientations_iPad = "UIInterfaceOrientationPortrait UIInterfaceOrientationPortraitUpsideDown UIInterfaceOrientationLandscapeLeft UIInterfaceOrientationLandscapeRight";
				INFOPLIST_KEY_UISupportedInterfaceOrientations_iPhone = "UIInterfaceOrientationPortrait UIInterfaceOrientationLandscapeLeft UIInterfaceOrientationLandscapeRight";
				LD_RUNPATH_SEARCH_PATHS = (
					"$(inherited)",
					"@executable_path/Frameworks",
				);
				MARKETING_VERSION = 1.0;
				PRODUCT_BUNDLE_IDENTIFIER = zach.WaveWork;
				PRODUCT_NAME = "$(TARGET_NAME)";
				SWIFT_EMIT_LOC_STRINGS = YES;
				SWIFT_VERSION = 5.0;
				TARGETED_DEVICE_FAMILY = "1,2";
			};
			name = Release;
		};
		686E689F2C5D9D5B00AF04A3 /* Debug */ = {
			isa = XCBuildConfiguration;
			buildSettings = {
				BUNDLE_LOADER = "$(TEST_HOST)";
				CODE_SIGN_STYLE = Automatic;
				CURRENT_PROJECT_VERSION = 1;
				DEVELOPMENT_TEAM = 696FHURJPB;
				GENERATE_INFOPLIST_FILE = YES;
				IPHONEOS_DEPLOYMENT_TARGET = 18.0;
				MARKETING_VERSION = 1.0;
				PRODUCT_BUNDLE_IDENTIFIER = zach.WaveWorkTests;
				PRODUCT_NAME = "$(TARGET_NAME)";
				SWIFT_EMIT_LOC_STRINGS = NO;
				SWIFT_VERSION = 5.0;
				TARGETED_DEVICE_FAMILY = "1,2";
				TEST_HOST = "$(BUILT_PRODUCTS_DIR)/WaveWork.app/$(BUNDLE_EXECUTABLE_FOLDER_PATH)/WaveWork";
			};
			name = Debug;
		};
		686E68A02C5D9D5B00AF04A3 /* Release */ = {
			isa = XCBuildConfiguration;
			buildSettings = {
				BUNDLE_LOADER = "$(TEST_HOST)";
				CODE_SIGN_STYLE = Automatic;
				CURRENT_PROJECT_VERSION = 1;
				DEVELOPMENT_TEAM = 696FHURJPB;
				GENERATE_INFOPLIST_FILE = YES;
				IPHONEOS_DEPLOYMENT_TARGET = 18.0;
				MARKETING_VERSION = 1.0;
				PRODUCT_BUNDLE_IDENTIFIER = zach.WaveWorkTests;
				PRODUCT_NAME = "$(TARGET_NAME)";
				SWIFT_EMIT_LOC_STRINGS = NO;
				SWIFT_VERSION = 5.0;
				TARGETED_DEVICE_FAMILY = "1,2";
				TEST_HOST = "$(BUILT_PRODUCTS_DIR)/WaveWork.app/$(BUNDLE_EXECUTABLE_FOLDER_PATH)/WaveWork";
			};
			name = Release;
		};
		686E68A22C5D9D5B00AF04A3 /* Debug */ = {
			isa = XCBuildConfiguration;
			buildSettings = {
				CODE_SIGN_STYLE = Automatic;
				CURRENT_PROJECT_VERSION = 1;
				DEVELOPMENT_TEAM = 696FHURJPB;
				GENERATE_INFOPLIST_FILE = YES;
				MARKETING_VERSION = 1.0;
				PRODUCT_BUNDLE_IDENTIFIER = zach.WaveWorkUITests;
				PRODUCT_NAME = "$(TARGET_NAME)";
				SWIFT_EMIT_LOC_STRINGS = NO;
				SWIFT_VERSION = 5.0;
				TARGETED_DEVICE_FAMILY = "1,2";
				TEST_TARGET_NAME = WaveWork;
			};
			name = Debug;
		};
		686E68A32C5D9D5B00AF04A3 /* Release */ = {
			isa = XCBuildConfiguration;
			buildSettings = {
				CODE_SIGN_STYLE = Automatic;
				CURRENT_PROJECT_VERSION = 1;
				DEVELOPMENT_TEAM = 696FHURJPB;
				GENERATE_INFOPLIST_FILE = YES;
				MARKETING_VERSION = 1.0;
				PRODUCT_BUNDLE_IDENTIFIER = zach.WaveWorkUITests;
				PRODUCT_NAME = "$(TARGET_NAME)";
				SWIFT_EMIT_LOC_STRINGS = NO;
				SWIFT_VERSION = 5.0;
				TARGETED_DEVICE_FAMILY = "1,2";
				TEST_TARGET_NAME = WaveWork;
			};
			name = Release;
		};
/* End XCBuildConfiguration section */

/* Begin XCConfigurationList section */
		686E68702C5D9D5900AF04A3 /* Build configuration list for PBXProject "WaveWork" */ = {
			isa = XCConfigurationList;
			buildConfigurations = (
				686E68992C5D9D5B00AF04A3 /* Debug */,
				686E689A2C5D9D5B00AF04A3 /* Release */,
			);
			defaultConfigurationIsVisible = 0;
			defaultConfigurationName = Release;
		};
		686E689B2C5D9D5B00AF04A3 /* Build configuration list for PBXNativeTarget "WaveWork" */ = {
			isa = XCConfigurationList;
			buildConfigurations = (
				686E689C2C5D9D5B00AF04A3 /* Debug */,
				686E689D2C5D9D5B00AF04A3 /* Release */,
			);
			defaultConfigurationIsVisible = 0;
			defaultConfigurationName = Release;
		};
		686E689E2C5D9D5B00AF04A3 /* Build configuration list for PBXNativeTarget "WaveWorkTests" */ = {
			isa = XCConfigurationList;
			buildConfigurations = (
				686E689F2C5D9D5B00AF04A3 /* Debug */,
				686E68A02C5D9D5B00AF04A3 /* Release */,
			);
			defaultConfigurationIsVisible = 0;
			defaultConfigurationName = Release;
		};
		686E68A12C5D9D5B00AF04A3 /* Build configuration list for PBXNativeTarget "WaveWorkUITests" */ = {
			isa = XCConfigurationList;
			buildConfigurations = (
				686E68A22C5D9D5B00AF04A3 /* Debug */,
				686E68A32C5D9D5B00AF04A3 /* Release */,
			);
			defaultConfigurationIsVisible = 0;
			defaultConfigurationName = Release;
		};
/* End XCConfigurationList section */
	};
	rootObject = 686E686D2C5D9D5900AF04A3 /* Project object */;
}
